
Microsoft Visual Studio Solution File, Format Version 12.00
# Visual Studio Version 16
VisualStudioVersion = 16.0.31702.278
MinimumVisualStudioVersion = 10.0.40219.1
Project("{FAE04EC0-301F-11D3-BF4B-00C04F79EFBC}") = "XFInitialsView.UWP", "XFInitialsView\XFInitialsView.UWP\XFInitialsView.UWP.csproj", "{7453D0CD-BF4B-4723-BD0C-4B4B1AB61743}"
EndProject
Project("{FAE04EC0-301F-11D3-BF4B-00C04F79EFBC}") = "XFInitialsView.Android", "XFInitialsView\XFInitialsView.Android\XFInitialsView.Android.csproj", "{5511B64F-C5AC-4774-8988-2592ECD414CA}"
EndProject
Project("{FAE04EC0-301F-11D3-BF4B-00C04F79EFBC}") = "XFInitialsView.iOS", "XFInitialsView\XFInitialsView.iOS\XFInitialsView.iOS.csproj", "{A78CC45D-AC98-4855-B345-6021BC005CA3}"
EndProject
Project("{FAE04EC0-301F-11D3-BF4B-00C04F79EFBC}") = "XFInitialsView", "XFInitialsView\XFInitialsView\XFInitialsView.csproj", "{30EAA4E9-5A98-4852-979C-20CA55431EAF}"
EndProject
Global
	GlobalSection(SolutionConfigurationPlatforms) = preSolution
		Debug|Any CPU = Debug|Any CPU
		Debug|ARM = Debug|ARM
		Debug|iPhone = Debug|iPhone
		Debug|iPhoneSimulator = Debug|iPhoneSimulator
		Debug|x64 = Debug|x64
		Debug|x86 = Debug|x86
		Release|Any CPU = Release|Any CPU
		Release|ARM = Release|ARM
		Release|iPhone = Release|iPhone
		Release|iPhoneSimulator = Release|iPhoneSimulator
		Release|x64 = Release|x64
		Release|x86 = Release|x86
	EndGlobalSection
	GlobalSection(ProjectConfigurationPlatforms) = postSolution
		{7453D0CD-BF4B-4723-BD0C-4B4B1AB61743}.Debug|Any CPU.ActiveCfg = Debug|x86
		{7453D0CD-BF4B-4723-BD0C-4B4B1AB61743}.Debug|Any CPU.Build.0 = Debug|x86
		{7453D0CD-BF4B-4723-BD0C-4B4B1AB61743}.Debug|Any CPU.Deploy.0 = Debug|x86
		{7453D0CD-BF4B-4723-BD0C-4B4B1AB61743}.Debug|ARM.ActiveCfg = Debug|ARM
		{7453D0CD-BF4B-4723-BD0C-4B4B1AB61743}.Debug|ARM.Build.0 = Debug|ARM
		{7453D0CD-BF4B-4723-BD0C-4B4B1AB61743}.Debug|ARM.Deploy.0 = Debug|ARM
		{7453D0CD-BF4B-4723-BD0C-4B4B1AB61743}.Debug|iPhone.ActiveCfg = Debug|x86
		{7453D0CD-BF4B-4723-BD0C-4B4B1AB61743}.Debug|iPhone.Build.0 = Debug|x86
		{7453D0CD-BF4B-4723-BD0C-4B4B1AB61743}.Debug|iPhone.Deploy.0 = Debug|x86
		{7453D0CD-BF4B-4723-BD0C-4B4B1AB61743}.Debug|iPhoneSimulator.ActiveCfg = Debug|x86
		{7453D0CD-BF4B-4723-BD0C-4B4B1AB61743}.Debug|iPhoneSimulator.Build.0 = Debug|x86
		{7453D0CD-BF4B-4723-BD0C-4B4B1AB61743}.Debug|iPhoneSimulator.Deploy.0 = Debug|x86
		{7453D0CD-BF4B-4723-BD0C-4B4B1AB61743}.Debug|x64.ActiveCfg = Debug|x64
		{7453D0CD-BF4B-4723-BD0C-4B4B1AB61743}.Debug|x64.Build.0 = Debug|x64
		{7453D0CD-BF4B-4723-BD0C-4B4B1AB61743}.Debug|x64.Deploy.0 = Debug|x64
		{7453D0CD-BF4B-4723-BD0C-4B4B1AB61743}.Debug|x86.ActiveCfg = Debug|x86
		{7453D0CD-BF4B-4723-BD0C-4B4B1AB61743}.Debug|x86.Build.0 = Debug|x86
		{7453D0CD-BF4B-4723-BD0C-4B4B1AB61743}.Debug|x86.Deploy.0 = Debug|x86
		{7453D0CD-BF4B-4723-BD0C-4B4B1AB61743}.Release|Any CPU.ActiveCfg = Release|x86
		{7453D0CD-BF4B-4723-BD0C-4B4B1AB61743}.Release|Any CPU.Build.0 = Release|x86
		{7453D0CD-BF4B-4723-BD0C-4B4B1AB61743}.Release|Any CPU.Deploy.0 = Release|x86
		{7453D0CD-BF4B-4723-BD0C-4B4B1AB61743}.Release|ARM.ActiveCfg = Release|ARM
		{7453D0CD-BF4B-4723-BD0C-4B4B1AB61743}.Release|ARM.Build.0 = Release|ARM
		{7453D0CD-BF4B-4723-BD0C-4B4B1AB61743}.Release|ARM.Deploy.0 = Release|ARM
		{7453D0CD-BF4B-4723-BD0C-4B4B1AB61743}.Release|iPhone.ActiveCfg = Release|x86
		{7453D0CD-BF4B-4723-BD0C-4B4B1AB61743}.Release|iPhone.Build.0 = Release|x86
		{7453D0CD-BF4B-4723-BD0C-4B4B1AB61743}.Release|iPhone.Deploy.0 = Release|x86
		{7453D0CD-BF4B-4723-BD0C-4B4B1AB61743}.Release|iPhoneSimulator.ActiveCfg = Release|x86
		{7453D0CD-BF4B-4723-BD0C-4B4B1AB61743}.Release|iPhoneSimulator.Build.0 = Release|x86
		{7453D0CD-BF4B-4723-BD0C-4B4B1AB61743}.Release|iPhoneSimulator.Deploy.0 = Release|x86
		{7453D0CD-BF4B-4723-BD0C-4B4B1AB61743}.Release|x64.ActiveCfg = Release|x64
		{7453D0CD-BF4B-4723-BD0C-4B4B1AB61743}.Release|x64.Build.0 = Release|x64
		{7453D0CD-BF4B-4723-BD0C-4B4B1AB61743}.Release|x64.Deploy.0 = Release|x64
		{7453D0CD-BF4B-4723-BD0C-4B4B1AB61743}.Release|x86.ActiveCfg = Release|x86
		{7453D0CD-BF4B-4723-BD0C-4B4B1AB61743}.Release|x86.Build.0 = Release|x86
		{7453D0CD-BF4B-4723-BD0C-4B4B1AB61743}.Release|x86.Deploy.0 = Release|x86
		{5511B64F-C5AC-4774-8988-2592ECD414CA}.Debug|Any CPU.ActiveCfg = Debug|Any CPU
		{5511B64F-C5AC-4774-8988-2592ECD414CA}.Debug|Any CPU.Build.0 = Debug|Any CPU
		{5511B64F-C5AC-4774-8988-2592ECD414CA}.Debug|Any CPU.Deploy.0 = Debug|Any CPU
		{5511B64F-C5AC-4774-8988-2592ECD414CA}.Debug|ARM.ActiveCfg = Debug|Any CPU
		{5511B64F-C5AC-4774-8988-2592ECD414CA}.Debug|ARM.Build.0 = Debug|Any CPU
		{5511B64F-C5AC-4774-8988-2592ECD414CA}.Debug|ARM.Deploy.0 = Debug|Any CPU
		{5511B64F-C5AC-4774-8988-2592ECD414CA}.Debug|iPhone.ActiveCfg = Debug|Any CPU
		{5511B64F-C5AC-4774-8988-2592ECD414CA}.Debug|iPhone.Build.0 = Debug|Any CPU
		{5511B64F-C5AC-4774-8988-2592ECD414CA}.Debug|iPhone.Deploy.0 = Debug|Any CPU
		{5511B64F-C5AC-4774-8988-2592ECD414CA}.Debug|iPhoneSimulator.ActiveCfg = Debug|Any CPU
		{5511B64F-C5AC-4774-8988-2592ECD414CA}.Debug|iPhoneSimulator.Build.0 = Debug|Any CPU
		{5511B64F-C5AC-4774-8988-2592ECD414CA}.Debug|iPhoneSimulator.Deploy.0 = Debug|Any CPU
		{5511B64F-C5AC-4774-8988-2592ECD414CA}.Debug|x64.ActiveCfg = Debug|Any CPU
		{5511B64F-C5AC-4774-8988-2592ECD414CA}.Debug|x64.Build.0 = Debug|Any CPU
		{5511B64F-C5AC-4774-8988-2592ECD414CA}.Debug|x64.Deploy.0 = Debug|Any CPU
		{5511B64F-C5AC-4774-8988-2592ECD414CA}.Debug|x86.ActiveCfg = Debug|Any CPU
		{5511B64F-C5AC-4774-8988-2592ECD414CA}.Debug|x86.Build.0 = Debug|Any CPU
		{5511B64F-C5AC-4774-8988-2592ECD414CA}.Debug|x86.Deploy.0 = Debug|Any CPU
		{5511B64F-C5AC-4774-8988-2592ECD414CA}.Release|Any CPU.ActiveCfg = Release|Any CPU
		{5511B64F-C5AC-4774-8988-2592ECD414CA}.Release|Any CPU.Build.0 = Release|Any CPU
		{5511B64F-C5AC-4774-8988-2592ECD414CA}.Release|Any CPU.Deploy.0 = Release|Any CPU
		{5511B64F-C5AC-4774-8988-2592ECD414CA}.Release|ARM.ActiveCfg = Release|Any CPU
		{5511B64F-C5AC-4774-8988-2592ECD414CA}.Release|ARM.Build.0 = Release|Any CPU
		{5511B64F-C5AC-4774-8988-2592ECD414CA}.Release|ARM.Deploy.0 = Release|Any CPU
		{5511B64F-C5AC-4774-8988-2592ECD414CA}.Release|iPhone.ActiveCfg = Release|Any CPU
		{5511B64F-C5AC-4774-8988-2592ECD414CA}.Release|iPhone.Build.0 = Release|Any CPU
		{5511B64F-C5AC-4774-8988-2592ECD414CA}.Release|iPhone.Deploy.0 = Release|Any CPU
		{5511B64F-C5AC-4774-8988-2592ECD414CA}.Release|iPhoneSimulator.ActiveCfg = Release|Any CPU
		{5511B64F-C5AC-4774-8988-2592ECD414CA}.Release|iPhoneSimulator.Build.0 = Release|Any CPU
		{5511B64F-C5AC-4774-8988-2592ECD414CA}.Release|iPhoneSimulator.Deploy.0 = Release|Any CPU
		{5511B64F-C5AC-4774-8988-2592ECD414CA}.Release|x64.ActiveCfg = Release|Any CPU
		{5511B64F-C5AC-4774-8988-2592ECD414CA}.Release|x64.Build.0 = Release|Any CPU
		{5511B64F-C5AC-4774-8988-2592ECD414CA}.Release|x64.Deploy.0 = Release|Any CPU
		{5511B64F-C5AC-4774-8988-2592ECD414CA}.Release|x86.ActiveCfg = Release|Any CPU
		{5511B64F-C5AC-4774-8988-2592ECD414CA}.Release|x86.Build.0 = Release|Any CPU
		{5511B64F-C5AC-4774-8988-2592ECD414CA}.Release|x86.Deploy.0 = Release|Any CPU
		{A78CC45D-AC98-4855-B345-6021BC005CA3}.Debug|Any CPU.ActiveCfg = Debug|iPhoneSimulator
		{A78CC45D-AC98-4855-B345-6021BC005CA3}.Debug|Any CPU.Build.0 = Debug|iPhoneSimulator
		{A78CC45D-AC98-4855-B345-6021BC005CA3}.Debug|Any CPU.Deploy.0 = Debug|iPhoneSimulator
		{A78CC45D-AC98-4855-B345-6021BC005CA3}.Debug|ARM.ActiveCfg = Debug|iPhone
		{A78CC45D-AC98-4855-B345-6021BC005CA3}.Debug|ARM.Build.0 = Debug|iPhone
		{A78CC45D-AC98-4855-B345-6021BC005CA3}.Debug|ARM.Deploy.0 = Debug|iPhone
		{A78CC45D-AC98-4855-B345-6021BC005CA3}.Debug|iPhone.ActiveCfg = Debug|iPhone
		{A78CC45D-AC98-4855-B345-6021BC005CA3}.Debug|iPhone.Build.0 = Debug|iPhone
		{A78CC45D-AC98-4855-B345-6021BC005CA3}.Debug|iPhone.Deploy.0 = Debug|iPhone
		{A78CC45D-AC98-4855-B345-6021BC005CA3}.Debug|iPhoneSimulator.ActiveCfg = Debug|iPhoneSimulator
		{A78CC45D-AC98-4855-B345-6021BC005CA3}.Debug|iPhoneSimulator.Build.0 = Debug|iPhoneSimulator
		{A78CC45D-AC98-4855-B345-6021BC005CA3}.Debug|iPhoneSimulator.Deploy.0 = Debug|iPhoneSimulator
		{A78CC45D-AC98-4855-B345-6021BC005CA3}.Debug|x64.ActiveCfg = Debug|iPhoneSimulator
		{A78CC45D-AC98-4855-B345-6021BC005CA3}.Debug|x64.Build.0 = Debug|iPhoneSimulator
		{A78CC45D-AC98-4855-B345-6021BC005CA3}.Debug|x64.Deploy.0 = Debug|iPhoneSimulator
		{A78CC45D-AC98-4855-B345-6021BC005CA3}.Debug|x86.ActiveCfg = Debug|iPhoneSimulator
		{A78CC45D-AC98-4855-B345-6021BC005CA3}.Debug|x86.Build.0 = Debug|iPhoneSimulator
		{A78CC45D-AC98-4855-B345-6021BC005CA3}.Debug|x86.Deploy.0 = Debug|iPhoneSimulator
		{A78CC45D-AC98-4855-B345-6021BC005CA3}.Release|Any CPU.ActiveCfg = Release|iPhoneSimulator
		{A78CC45D-AC98-4855-B345-6021BC005CA3}.Release|Any CPU.Build.0 = Release|iPhoneSimulator
		{A78CC45D-AC98-4855-B345-6021BC005CA3}.Release|Any CPU.Deploy.0 = Release|iPhoneSimulator
		{A78CC45D-AC98-4855-B345-6021BC005CA3}.Release|ARM.ActiveCfg = Release|iPhoneSimulator
		{A78CC45D-AC98-4855-B345-6021BC005CA3}.Release|ARM.Build.0 = Release|iPhoneSimulator
		{A78CC45D-AC98-4855-B345-6021BC005CA3}.Release|ARM.Deploy.0 = Release|iPhoneSimulator
		{A78CC45D-AC98-4855-B345-6021BC005CA3}.Release|iPhone.ActiveCfg = Release|iPhone
		{A78CC45D-AC98-4855-B345-6021BC005CA3}.Release|iPhone.Build.0 = Release|iPhone
		{A78CC45D-AC98-4855-B345-6021BC005CA3}.Release|iPhone.Deploy.0 = Release|iPhone
		{A78CC45D-AC98-4855-B345-6021BC005CA3}.Release|iPhoneSimulator.ActiveCfg = Release|iPhoneSimulator
		{A78CC45D-AC98-4855-B345-6021BC005CA3}.Release|iPhoneSimulator.Build.0 = Release|iPhoneSimulator
		{A78CC45D-AC98-4855-B345-6021BC005CA3}.Release|iPhoneSimulator.Deploy.0 = Release|iPhoneSimulator
		{A78CC45D-AC98-4855-B345-6021BC005CA3}.Release|x64.ActiveCfg = Release|iPhoneSimulator
		{A78CC45D-AC98-4855-B345-6021BC005CA3}.Release|x64.Build.0 = Release|iPhoneSimulator
		{A78CC45D-AC98-4855-B345-6021BC005CA3}.Release|x64.Deploy.0 = Release|iPhoneSimulator
		{A78CC45D-AC98-4855-B345-6021BC005CA3}.Release|x86.ActiveCfg = Release|iPhoneSimulator
		{A78CC45D-AC98-4855-B345-6021BC005CA3}.Release|x86.Build.0 = Release|iPhoneSimulator
		{A78CC45D-AC98-4855-B345-6021BC005CA3}.Release|x86.Deploy.0 = Release|iPhoneSimulator
		{30EAA4E9-5A98-4852-979C-20CA55431EAF}.Debug|Any CPU.ActiveCfg = Debug|Any CPU
		{30EAA4E9-5A98-4852-979C-20CA55431EAF}.Debug|Any CPU.Build.0 = Debug|Any CPU
		{30EAA4E9-5A98-4852-979C-20CA55431EAF}.Debug|Any CPU.Deploy.0 = Debug|Any CPU
		{30EAA4E9-5A98-4852-979C-20CA55431EAF}.Debug|ARM.ActiveCfg = Debug|Any CPU
		{30EAA4E9-5A98-4852-979C-20CA55431EAF}.Debug|ARM.Build.0 = Debug|Any CPU
		{30EAA4E9-5A98-4852-979C-20CA55431EAF}.Debug|ARM.Deploy.0 = Debug|Any CPU
		{30EAA4E9-5A98-4852-979C-20CA55431EAF}.Debug|iPhone.ActiveCfg = Debug|Any CPU
		{30EAA4E9-5A98-4852-979C-20CA55431EAF}.Debug|iPhone.Build.0 = Debug|Any CPU
		{30EAA4E9-5A98-4852-979C-20CA55431EAF}.Debug|iPhone.Deploy.0 = Debug|Any CPU
		{30EAA4E9-5A98-4852-979C-20CA55431EAF}.Debug|iPhoneSimulator.ActiveCfg = Debug|Any CPU
		{30EAA4E9-5A98-4852-979C-20CA55431EAF}.Debug|iPhoneSimulator.Build.0 = Debug|Any CPU
		{30EAA4E9-5A98-4852-979C-20CA55431EAF}.Debug|iPhoneSimulator.Deploy.0 = Debug|Any CPU
		{30EAA4E9-5A98-4852-979C-20CA55431EAF}.Debug|x64.ActiveCfg = Debug|Any CPU
		{30EAA4E9-5A98-4852-979C-20CA55431EAF}.Debug|x64.Build.0 = Debug|Any CPU
		{30EAA4E9-5A98-4852-979C-20CA55431EAF}.Debug|x64.Deploy.0 = Debug|Any CPU
		{30EAA4E9-5A98-4852-979C-20CA55431EAF}.Debug|x86.ActiveCfg = Debug|Any CPU
		{30EAA4E9-5A98-4852-979C-20CA55431EAF}.Debug|x86.Build.0 = Debug|Any CPU
		{30EAA4E9-5A98-4852-979C-20CA55431EAF}.Debug|x86.Deploy.0 = Debug|Any CPU
		{30EAA4E9-5A98-4852-979C-20CA55431EAF}.Release|Any CPU.ActiveCfg = Release|Any CPU
		{30EAA4E9-5A98-4852-979C-20CA55431EAF}.Release|Any CPU.Build.0 = Release|Any CPU
		{30EAA4E9-5A98-4852-979C-20CA55431EAF}.Release|Any CPU.Deploy.0 = Release|Any CPU
		{30EAA4E9-5A98-4852-979C-20CA55431EAF}.Release|ARM.ActiveCfg = Release|Any CPU
		{30EAA4E9-5A98-4852-979C-20CA55431EAF}.Release|ARM.Build.0 = Release|Any CPU
		{30EAA4E9-5A98-4852-979C-20CA55431EAF}.Release|ARM.Deploy.0 = Release|Any CPU
		{30EAA4E9-5A98-4852-979C-20CA55431EAF}.Release|iPhone.ActiveCfg = Release|Any CPU
		{30EAA4E9-5A98-4852-979C-20CA55431EAF}.Release|iPhone.Build.0 = Release|Any CPU
		{30EAA4E9-5A98-4852-979C-20CA55431EAF}.Release|iPhone.Deploy.0 = Release|Any CPU
		{30EAA4E9-5A98-4852-979C-20CA55431EAF}.Release|iPhoneSimulator.ActiveCfg = Release|Any CPU
		{30EAA4E9-5A98-4852-979C-20CA55431EAF}.Release|iPhoneSimulator.Build.0 = Release|Any CPU
		{30EAA4E9-5A98-4852-979C-20CA55431EAF}.Release|iPhoneSimulator.Deploy.0 = Release|Any CPU
		{30EAA4E9-5A98-4852-979C-20CA55431EAF}.Release|x64.ActiveCfg = Release|Any CPU
		{30EAA4E9-5A98-4852-979C-20CA55431EAF}.Release|x64.Build.0 = Release|Any CPU
		{30EAA4E9-5A98-4852-979C-20CA55431EAF}.Release|x64.Deploy.0 = Release|Any CPU
		{30EAA4E9-5A98-4852-979C-20CA55431EAF}.Release|x86.ActiveCfg = Release|Any CPU
		{30EAA4E9-5A98-4852-979C-20CA55431EAF}.Release|x86.Build.0 = Release|Any CPU
		{30EAA4E9-5A98-4852-979C-20CA55431EAF}.Release|x86.Deploy.0 = Release|Any CPU
	EndGlobalSection
	GlobalSection(SolutionProperties) = preSolution
		HideSolutionNode = FALSE
	EndGlobalSection
	GlobalSection(ExtensibilityGlobals) = postSolution
		SolutionGuid = {2882662B-B345-4EBD-AC67-7FB33109B5AE}
	EndGlobalSection
EndGlobal
